
Microsoft Visual Studio Solution File, Format Version 12.00
# Visual Studio Version 17
VisualStudioVersion = 17.5.33530.505
MinimumVisualStudioVersion = 10.0.40219.1
Project("{FAE04EC0-301F-11D3-BF4B-00C04F79EFBC}") = "AspBlog", "AspBlog.csproj", "{5368BEDE-3CB1-4B9A-9670-7B0BD52A1F6C}"
EndProject
Global
	GlobalSection(SolutionConfigurationPlatforms) = preSolution
		Debug|Any CPU = Debug|Any CPU
		Release|Any CPU = Release|Any CPU
	EndGlobalSection
	GlobalSection(ProjectConfigurationPlatforms) = postSolution
		{5368BEDE-3CB1-4B9A-9670-7B0BD52A1F6C}.Debug|Any CPU.ActiveCfg = Debug|Any CPU
		{5368BEDE-3CB1-4B9A-9670-7B0BD52A1F6C}.Debug|Any CPU.Build.0 = Debug|Any CPU
		{5368BEDE-3CB1-4B9A-9670-7B0BD52A1F6C}.Release|Any CPU.ActiveCfg = Release|Any CPU
		{5368BEDE-3CB1-4B9A-9670-7B0BD52A1F6C}.Release|Any CPU.Build.0 = Release|Any CPU
	EndGlobalSection
	GlobalSection(SolutionProperties) = preSolution
		HideSolutionNode = FALSE
	EndGlobalSection
	GlobalSection(ExtensibilityGlobals) = postSolution
		SolutionGuid = {3F3C7AA1-DD08-4A9F-91CD-F85E95A5CC09}
	EndGlobalSection
EndGlobal
